
Microsoft Visual Studio Solution File, Format Version 11.00
# Visual Studio 2010
Project("{8BC9CEB8-8B4A-11D0-8D11-00A0C91BC942}") = "职业管理系统 模仿版", "职业管理系统 模仿版\职业管理系统 模仿版.vcxproj", "{8923789F-35BF-44D4-B67E-84F1B584654D}"
EndProject
Global
	GlobalSection(SolutionConfigurationPlatforms) = preSolution
		Debug|Win32 = Debug|Win32
		Release|Win32 = Release|Win32
	EndGlobalSection
	GlobalSection(ProjectConfigurationPlatforms) = postSolution
		{8923789F-35BF-44D4-B67E-84F1B584654D}.Debug|Win32.ActiveCfg = Debug|Win32
		{8923789F-35BF-44D4-B67E-84F1B584654D}.Debug|Win32.Build.0 = Debug|Win32
		{8923789F-35BF-44D4-B67E-84F1B584654D}.Release|Win32.ActiveCfg = Release|Win32
		{8923789F-35BF-44D4-B67E-84F1B584654D}.Release|Win32.Build.0 = Release|Win32
	EndGlobalSection
	GlobalSection(SolutionProperties) = preSolution
		HideSolutionNode = FALSE
	EndGlobalSection
EndGlobal
